PODS:
  - PopControllerSwift (0.1.0)
  - SnapKit (5.0.1)

DEPENDENCIES:
  - PopControllerSwift (from `../`)
  - SnapKit (~> 5.0.0)

SPEC REPOS:
  trunk:
    - SnapKit

EXTERNAL SOURCES:
  PopControllerSwift:
    :path: "../"

SPEC CHECKSUMS:
  PopControllerSwift: 486f3128f929380b9476651b2cf8b6f6fd2b8db2
  SnapKit: 97b92857e3df3a0c71833cce143274bf6ef8e5eb

PODFILE CHECKSUM: eec50de4fce80294df6ec6fb5254ac7b64ab5087

COCOAPODS: 1.16.2
